
Microsoft Visual Studio Solution File, Format Version 12.00
# Visual Studio Express 2012 for Web
Project("{FAE04EC0-301F-11D3-BF4B-00C04F79EFBC}") = "tspHandler", "tspHandler\tspHandler.csproj", "{265AFA1A-2873-4C1D-8992-5DB42B804DD3}"
EndProject
Project("{FAE04EC0-301F-11D3-BF4B-00C04F79EFBC}") = "TestWebAppClassic", "TestWebAppClassic\TestWebAppClassic.csproj", "{6BBAE0A7-5596-4351-A401-CD107FD4CCD7}"
	ProjectSection(ProjectDependencies) = postProject
		{FA938F2F-D2C0-404C-99F0-1DE3296616F0} = {FA938F2F-D2C0-404C-99F0-1DE3296616F0}
		{1D7B5BF8-9000-4D69-B508-6C56110F998E} = {1D7B5BF8-9000-4D69-B508-6C56110F998E}
	EndProjectSection
EndProject
Project("{FAE04EC0-301F-11D3-BF4B-00C04F79EFBC}") = "tspScriptLib", "tspScriptLib\tspScriptLib.csproj", "{FA938F2F-D2C0-404C-99F0-1DE3296616F0}"
EndProject
Project("{FAE04EC0-301F-11D3-BF4B-00C04F79EFBC}") = "TypeScriptTestApp1", "TestWebAppClassic\TypeScriptTestApp1.csproj", "{1D7B5BF8-9000-4D69-B508-6C56110F998E}"
	ProjectSection(ProjectDependencies) = postProject
		{FA938F2F-D2C0-404C-99F0-1DE3296616F0} = {FA938F2F-D2C0-404C-99F0-1DE3296616F0}
	EndProjectSection
EndProject
Global
	GlobalSection(SolutionConfigurationPlatforms) = preSolution
		Debug|Any CPU = Debug|Any CPU
		Release|Any CPU = Release|Any CPU
	EndGlobalSection
	GlobalSection(ProjectConfigurationPlatforms) = postSolution
		{265AFA1A-2873-4C1D-8992-5DB42B804DD3}.Debug|Any CPU.ActiveCfg = Debug|Any CPU
		{265AFA1A-2873-4C1D-8992-5DB42B804DD3}.Debug|Any CPU.Build.0 = Debug|Any CPU
		{265AFA1A-2873-4C1D-8992-5DB42B804DD3}.Release|Any CPU.ActiveCfg = Release|Any CPU
		{265AFA1A-2873-4C1D-8992-5DB42B804DD3}.Release|Any CPU.Build.0 = Release|Any CPU
		{6BBAE0A7-5596-4351-A401-CD107FD4CCD7}.Debug|Any CPU.ActiveCfg = Debug|Any CPU
		{6BBAE0A7-5596-4351-A401-CD107FD4CCD7}.Debug|Any CPU.Build.0 = Debug|Any CPU
		{6BBAE0A7-5596-4351-A401-CD107FD4CCD7}.Release|Any CPU.ActiveCfg = Release|Any CPU
		{6BBAE0A7-5596-4351-A401-CD107FD4CCD7}.Release|Any CPU.Build.0 = Release|Any CPU
		{FA938F2F-D2C0-404C-99F0-1DE3296616F0}.Debug|Any CPU.ActiveCfg = Debug|Any CPU
		{FA938F2F-D2C0-404C-99F0-1DE3296616F0}.Debug|Any CPU.Build.0 = Debug|Any CPU
		{FA938F2F-D2C0-404C-99F0-1DE3296616F0}.Release|Any CPU.ActiveCfg = Release|Any CPU
		{FA938F2F-D2C0-404C-99F0-1DE3296616F0}.Release|Any CPU.Build.0 = Release|Any CPU
		{1D7B5BF8-9000-4D69-B508-6C56110F998E}.Debug|Any CPU.ActiveCfg = Debug|Any CPU
		{1D7B5BF8-9000-4D69-B508-6C56110F998E}.Debug|Any CPU.Build.0 = Debug|Any CPU
		{1D7B5BF8-9000-4D69-B508-6C56110F998E}.Release|Any CPU.ActiveCfg = Release|Any CPU
		{1D7B5BF8-9000-4D69-B508-6C56110F998E}.Release|Any CPU.Build.0 = Release|Any CPU
	EndGlobalSection
	GlobalSection(SolutionProperties) = preSolution
		HideSolutionNode = FALSE
	EndGlobalSection
EndGlobal
