
Microsoft Visual Studio Solution File, Format Version 12.00
# Visual Studio 2012
Project("{FAE04EC0-301F-11D3-BF4B-00C04F79EFBC}") = "tspHandler", "tspHandler\tspHandler.csproj", "{265AFA1A-2873-4C1D-8992-5DB42B804DD3}"
EndProject
Project("{FAE04EC0-301F-11D3-BF4B-00C04F79EFBC}") = "TestWebAppClassic", "TestWebAppClassic\TestWebAppClassic.csproj", "{6BBAE0A7-5596-4351-A401-CD107FD4CCD7}"
EndProject
Project("{2150E333-8FDC-42A3-9474-1A3956D46DE8}") = "Solution Items", "Solution Items", "{D812289F-30FB-4F43-93DC-952F4E54E77E}"
	ProjectSection(SolutionItems) = preProject
		WE-settings.xml = WE-settings.xml
	EndProjectSection
EndProject
Project("{FAE04EC0-301F-11D3-BF4B-00C04F79EFBC}") = "CurlyBraceParser", "CurlyBraceParser\CurlyBraceParser.csproj", "{04CF9C5C-172C-4A5A-8629-627F703F8D5E}"
EndProject
Project("{FAE04EC0-301F-11D3-BF4B-00C04F79EFBC}") = "ClassGenMacros", "ClassGenMacros\ClassGenMacros.csproj", "{ACADE0C9-F545-4648-8359-506F3D5FA416}"
EndProject
Project("{FAE04EC0-301F-11D3-BF4B-00C04F79EFBC}") = "ICurlyBraceParser", "ICurlyBraceParser\ICurlyBraceParser.csproj", "{B65498D1-DDBF-49BC-99CF-FB807D18C186}"
EndProject
Project("{2150E333-8FDC-42A3-9474-1A3956D46DE8}") = ".nuget", ".nuget", "{5F8598F7-6691-4A8E-86E9-93E2115C0A14}"
	ProjectSection(SolutionItems) = preProject
		.nuget\NuGet.Config = .nuget\NuGet.Config
		.nuget\NuGet.exe = .nuget\NuGet.exe
		.nuget\NuGet.targets = .nuget\NuGet.targets
	EndProjectSection
EndProject
Global
	GlobalSection(SolutionConfigurationPlatforms) = preSolution
		Debug|Any CPU = Debug|Any CPU
		Release|Any CPU = Release|Any CPU
	EndGlobalSection
	GlobalSection(ProjectConfigurationPlatforms) = postSolution
		{265AFA1A-2873-4C1D-8992-5DB42B804DD3}.Debug|Any CPU.ActiveCfg = Debug|Any CPU
		{265AFA1A-2873-4C1D-8992-5DB42B804DD3}.Debug|Any CPU.Build.0 = Debug|Any CPU
		{265AFA1A-2873-4C1D-8992-5DB42B804DD3}.Release|Any CPU.ActiveCfg = Release|Any CPU
		{265AFA1A-2873-4C1D-8992-5DB42B804DD3}.Release|Any CPU.Build.0 = Release|Any CPU
		{6BBAE0A7-5596-4351-A401-CD107FD4CCD7}.Debug|Any CPU.ActiveCfg = Debug|Any CPU
		{6BBAE0A7-5596-4351-A401-CD107FD4CCD7}.Debug|Any CPU.Build.0 = Debug|Any CPU
		{6BBAE0A7-5596-4351-A401-CD107FD4CCD7}.Release|Any CPU.ActiveCfg = Release|Any CPU
		{6BBAE0A7-5596-4351-A401-CD107FD4CCD7}.Release|Any CPU.Build.0 = Release|Any CPU
		{04CF9C5C-172C-4A5A-8629-627F703F8D5E}.Debug|Any CPU.ActiveCfg = Debug|Any CPU
		{04CF9C5C-172C-4A5A-8629-627F703F8D5E}.Debug|Any CPU.Build.0 = Debug|Any CPU
		{04CF9C5C-172C-4A5A-8629-627F703F8D5E}.Release|Any CPU.ActiveCfg = Release|Any CPU
		{04CF9C5C-172C-4A5A-8629-627F703F8D5E}.Release|Any CPU.Build.0 = Release|Any CPU
		{ACADE0C9-F545-4648-8359-506F3D5FA416}.Debug|Any CPU.ActiveCfg = Debug|Any CPU
		{ACADE0C9-F545-4648-8359-506F3D5FA416}.Debug|Any CPU.Build.0 = Debug|Any CPU
		{ACADE0C9-F545-4648-8359-506F3D5FA416}.Release|Any CPU.ActiveCfg = Release|Any CPU
		{ACADE0C9-F545-4648-8359-506F3D5FA416}.Release|Any CPU.Build.0 = Release|Any CPU
		{B65498D1-DDBF-49BC-99CF-FB807D18C186}.Debug|Any CPU.ActiveCfg = Debug|Any CPU
		{B65498D1-DDBF-49BC-99CF-FB807D18C186}.Debug|Any CPU.Build.0 = Debug|Any CPU
		{B65498D1-DDBF-49BC-99CF-FB807D18C186}.Release|Any CPU.ActiveCfg = Release|Any CPU
		{B65498D1-DDBF-49BC-99CF-FB807D18C186}.Release|Any CPU.Build.0 = Release|Any CPU
	EndGlobalSection
	GlobalSection(SolutionProperties) = preSolution
		HideSolutionNode = FALSE
	EndGlobalSection
EndGlobal
