
Microsoft Visual Studio Solution File, Format Version 12.00
# Visual Studio 2012
Project("{FAE04EC0-301F-11D3-BF4B-00C04F79EFBC}") = "CurlyBraceParser", "CurlyBraceParser.csproj", "{04CF9C5C-172C-4A5A-8629-627F703F8D5E}"
EndProject
Project("{FAE04EC0-301F-11D3-BF4B-00C04F79EFBC}") = "TypeStrictTests", "..\TypeStrictTests\TypeStrictTests.csproj", "{7D877693-567F-487D-8DDB-BE48C4542C82}"
EndProject
Global
	GlobalSection(SolutionConfigurationPlatforms) = preSolution
		Debug|Any CPU = Debug|Any CPU
		Release|Any CPU = Release|Any CPU
	EndGlobalSection
	GlobalSection(ProjectConfigurationPlatforms) = postSolution
		{04CF9C5C-172C-4A5A-8629-627F703F8D5E}.Debug|Any CPU.ActiveCfg = Debug|Any CPU
		{04CF9C5C-172C-4A5A-8629-627F703F8D5E}.Debug|Any CPU.Build.0 = Debug|Any CPU
		{04CF9C5C-172C-4A5A-8629-627F703F8D5E}.Release|Any CPU.ActiveCfg = Release|Any CPU
		{04CF9C5C-172C-4A5A-8629-627F703F8D5E}.Release|Any CPU.Build.0 = Release|Any CPU
		{7D877693-567F-487D-8DDB-BE48C4542C82}.Debug|Any CPU.ActiveCfg = Debug|Any CPU
		{7D877693-567F-487D-8DDB-BE48C4542C82}.Debug|Any CPU.Build.0 = Debug|Any CPU
		{7D877693-567F-487D-8DDB-BE48C4542C82}.Release|Any CPU.ActiveCfg = Release|Any CPU
		{7D877693-567F-487D-8DDB-BE48C4542C82}.Release|Any CPU.Build.0 = Release|Any CPU
	EndGlobalSection
	GlobalSection(SolutionProperties) = preSolution
		HideSolutionNode = FALSE
	EndGlobalSection
EndGlobal
