
Microsoft Visual Studio Solution File, Format Version 12.00
# Visual Studio 2013
VisualStudioVersion = 12.0.20617.1 PREVIEW
MinimumVisualStudioVersion = 10.0.40219.1
Project("{F2A71F9B-5D33-465A-A702-920D77279786}") = "fspTest", "fspTest.fsproj", "{14A1D13D-C931-4595-BD9D-A3F85C01EFB0}"
EndProject
Project("{F2A71F9B-5D33-465A-A702-920D77279786}") = "Autogen", "..\AutoGen\Autogen.fsproj", "{EF41247E-8D6D-4CC2-B1F8-BE0463977256}"
EndProject
Project("{F2A71F9B-5D33-465A-A702-920D77279786}") = "TeaspoonTypeDef", "..\TeaspoonTypeDef\TeaspoonTypeDef.fsproj", "{55EAC4AB-016D-4DD2-B995-04810CAC083E}"
EndProject
Global
	GlobalSection(SolutionConfigurationPlatforms) = preSolution
		Debug|Any CPU = Debug|Any CPU
		Release|Any CPU = Release|Any CPU
	EndGlobalSection
	GlobalSection(ProjectConfigurationPlatforms) = postSolution
		{14A1D13D-C931-4595-BD9D-A3F85C01EFB0}.Debug|Any CPU.ActiveCfg = Debug|Any CPU
		{14A1D13D-C931-4595-BD9D-A3F85C01EFB0}.Debug|Any CPU.Build.0 = Debug|Any CPU
		{14A1D13D-C931-4595-BD9D-A3F85C01EFB0}.Release|Any CPU.ActiveCfg = Release|Any CPU
		{14A1D13D-C931-4595-BD9D-A3F85C01EFB0}.Release|Any CPU.Build.0 = Release|Any CPU
		{EF41247E-8D6D-4CC2-B1F8-BE0463977256}.Debug|Any CPU.ActiveCfg = Debug|Any CPU
		{EF41247E-8D6D-4CC2-B1F8-BE0463977256}.Debug|Any CPU.Build.0 = Debug|Any CPU
		{EF41247E-8D6D-4CC2-B1F8-BE0463977256}.Release|Any CPU.ActiveCfg = Release|Any CPU
		{EF41247E-8D6D-4CC2-B1F8-BE0463977256}.Release|Any CPU.Build.0 = Release|Any CPU
		{55EAC4AB-016D-4DD2-B995-04810CAC083E}.Debug|Any CPU.ActiveCfg = Debug|Any CPU
		{55EAC4AB-016D-4DD2-B995-04810CAC083E}.Debug|Any CPU.Build.0 = Debug|Any CPU
		{55EAC4AB-016D-4DD2-B995-04810CAC083E}.Release|Any CPU.ActiveCfg = Release|Any CPU
		{55EAC4AB-016D-4DD2-B995-04810CAC083E}.Release|Any CPU.Build.0 = Release|Any CPU
	EndGlobalSection
	GlobalSection(SolutionProperties) = preSolution
		HideSolutionNode = FALSE
	EndGlobalSection
EndGlobal
